
Microsoft Visual Studio Solution File, Format Version 12.00
# Visual Studio Version 17
VisualStudioVersion = 17.12.35707.178 d17.12
MinimumVisualStudioVersion = 10.0.40219.1
Project("{FAE04EC0-301F-11D3-BF4B-00C04F79EFBC}") = "snakeUI", "snakeUI\snakeUI.csproj", "{20862062-6A6B-485C-A014-72C0F0023C40}"
EndProject
Project("{FAE04EC0-301F-11D3-BF4B-00C04F79EFBC}") = "snakeLogic", "snakeLogic\snakeLogic.csproj", "{7DC7B307-F511-4A07-BD0A-4F36E2F25A17}"
EndProject
Project("{FAE04EC0-301F-11D3-BF4B-00C04F79EFBC}") = "snakeTest", "snakeTest\snakeTest.csproj", "{775A4075-6BDE-496E-B5EA-1F4A1F992BA8}"
EndProject
Global
	GlobalSection(SolutionConfigurationPlatforms) = preSolution
		Debug|Any CPU = Debug|Any CPU
		Release|Any CPU = Release|Any CPU
	EndGlobalSection
	GlobalSection(ProjectConfigurationPlatforms) = postSolution
		{20862062-6A6B-485C-A014-72C0F0023C40}.Debug|Any CPU.ActiveCfg = Debug|Any CPU
		{20862062-6A6B-485C-A014-72C0F0023C40}.Debug|Any CPU.Build.0 = Debug|Any CPU
		{20862062-6A6B-485C-A014-72C0F0023C40}.Release|Any CPU.ActiveCfg = Release|Any CPU
		{20862062-6A6B-485C-A014-72C0F0023C40}.Release|Any CPU.Build.0 = Release|Any CPU
		{7DC7B307-F511-4A07-BD0A-4F36E2F25A17}.Debug|Any CPU.ActiveCfg = Debug|Any CPU
		{7DC7B307-F511-4A07-BD0A-4F36E2F25A17}.Debug|Any CPU.Build.0 = Debug|Any CPU
		{7DC7B307-F511-4A07-BD0A-4F36E2F25A17}.Release|Any CPU.ActiveCfg = Release|Any CPU
		{7DC7B307-F511-4A07-BD0A-4F36E2F25A17}.Release|Any CPU.Build.0 = Release|Any CPU
		{775A4075-6BDE-496E-B5EA-1F4A1F992BA8}.Debug|Any CPU.ActiveCfg = Debug|Any CPU
		{775A4075-6BDE-496E-B5EA-1F4A1F992BA8}.Debug|Any CPU.Build.0 = Debug|Any CPU
		{775A4075-6BDE-496E-B5EA-1F4A1F992BA8}.Release|Any CPU.ActiveCfg = Release|Any CPU
		{775A4075-6BDE-496E-B5EA-1F4A1F992BA8}.Release|Any CPU.Build.0 = Release|Any CPU
	EndGlobalSection
	GlobalSection(SolutionProperties) = preSolution
		HideSolutionNode = FALSE
	EndGlobalSection
EndGlobal
